
Microsoft Visual Studio Solution File, Format Version 12.00
# Visual Studio 15
VisualStudioVersion = 15.0.27703.2042
MinimumVisualStudioVersion = 10.0.40219.1
Project("{9092AA53-FB77-4645-B42D-1CCCA6BD08BD}") = "Test Node.js", "Test Node.js\Test Node.js.njsproj", "{C705F2D2-756B-419D-844A-7C2B1137145A}"
EndProject
Global
	GlobalSection(SolutionConfigurationPlatforms) = preSolution
		Debug|Any CPU = Debug|Any CPU
		Release|Any CPU = Release|Any CPU
	EndGlobalSection
	GlobalSection(ProjectConfigurationPlatforms) = postSolution
		{C705F2D2-756B-419D-844A-7C2B1137145A}.Debug|Any CPU.ActiveCfg = Debug|Any CPU
		{C705F2D2-756B-419D-844A-7C2B1137145A}.Debug|Any CPU.Build.0 = Debug|Any CPU
		{C705F2D2-756B-419D-844A-7C2B1137145A}.Release|Any CPU.ActiveCfg = Release|Any CPU
		{C705F2D2-756B-419D-844A-7C2B1137145A}.Release|Any CPU.Build.0 = Release|Any CPU
	EndGlobalSection
	GlobalSection(SolutionProperties) = preSolution
		HideSolutionNode = FALSE
	EndGlobalSection
	GlobalSection(ExtensibilityGlobals) = postSolution
		SolutionGuid = {D64B311E-01E4-48B2-8D03-DAB3B113A342}
	EndGlobalSection
EndGlobal
